// !$*UTF8*$!
{
	archiveVersion = 1;
	classes = {
	};
	objectVersion = 50;
	objects = {

/* Begin PBXBuildFile section */
		6B3C3EE42743BD1700CB5568 /* main.swift in Sources */ = {isa = PBXBuildFile; fileRef = 6B3C3EE32743BD1700CB5568 /* main.swift */; };
		6B3C3EF22743C33F00CB5568 /* StandardAlgorithmsTest.swift in Sources */ = {isa = PBXBuildFile; fileRef = 6B3C3EF12743C33F00CB5568 /* StandardAlgorithmsTest.swift */; };
		6B3C3EFA2743C41100CB5568 /* SortingTest.swift in Sources */ = {isa = PBXBuildFile; fileRef = 6B3C3EF92743C41100CB5568 /* SortingTest.swift */; };
		6B3C3EFE2743C50900CB5568 /* Sorting.swift in Sources */ = {isa = PBXBuildFile; fileRef = 6B3C3EFD2743C50900CB5568 /* Sorting.swift */; };
		6B3C3EFF2743C50900CB5568 /* Sorting.swift in Sources */ = {isa = PBXBuildFile; fileRef = 6B3C3EFD2743C50900CB5568 /* Sorting.swift */; };
/* End PBXBuildFile section */

/* Begin PBXCopyFilesBuildPhase section */
		6B3C3EDE2743BD1700CB5568 /* CopyFiles */ = {
			isa = PBXCopyFilesBuildPhase;
			buildActionMask = 2147483647;
			dstPath = /usr/share/man/man1/;
			dstSubfolderSpec = 0;
			files = (
			);
			runOnlyForDeploymentPostprocessing = 1;
		};
/* End PBXCopyFilesBuildPhase section */

/* Begin PBXFileReference section */
		6B3C3EE02743BD1700CB5568 /* StandardAlgorithmsNew */ = {isa = PBXFileReference; explicitFileType = "compiled.mach-o.executable"; includeInIndex = 0; path = StandardAlgorithmsNew; sourceTree = BUILT_PRODUCTS_DIR; };
		6B3C3EE32743BD1700CB5568 /* main.swift */ = {isa = PBXFileReference; lastKnownFileType = sourcecode.swift; path = main.swift; sourceTree = "<group>"; };
		6B3C3EEF2743C33F00CB5568 /* StandardAlgorithmsTest.xctest */ = {isa = PBXFileReference; explicitFileType = wrapper.cfbundle; includeInIndex = 0; path = StandardAlgorithmsTest.xctest; sourceTree = BUILT_PRODUCTS_DIR; };
		6B3C3EF12743C33F00CB5568 /* StandardAlgorithmsTest.swift */ = {isa = PBXFileReference; lastKnownFileType = sourcecode.swift; path = StandardAlgorithmsTest.swift; sourceTree = "<group>"; };
		6B3C3EF32743C33F00CB5568 /* Info.plist */ = {isa = PBXFileReference; lastKnownFileType = text.plist.xml; path = Info.plist; sourceTree = "<group>"; };
		6B3C3EF92743C41100CB5568 /* SortingTest.swift */ = {isa = PBXFileReference; lastKnownFileType = sourcecode.swift; path = SortingTest.swift; sourceTree = "<group>"; };
		6B3C3EFD2743C50900CB5568 /* Sorting.swift */ = {isa = PBXFileReference; lastKnownFileType = sourcecode.swift; path = Sorting.swift; sourceTree = "<group>"; };
/* End PBXFileReference section */

/* Begin PBXFrameworksBuildPhase section */
		6B3C3EDD2743BD1700CB5568 /* Frameworks */ = {
			isa = PBXFrameworksBuildPhase;
			buildActionMask = 2147483647;
			files = (
			);
			runOnlyForDeploymentPostprocessing = 0;
		};
		6B3C3EEC2743C33E00CB5568 /* Frameworks */ = {
			isa = PBXFrameworksBuildPhase;
			buildActionMask = 2147483647;
			files = (
			);
			runOnlyForDeploymentPostprocessing = 0;
		};
/* End PBXFrameworksBuildPhase section */

/* Begin PBXGroup section */
		6B3C3ED72743BD1700CB5568 = {
			isa = PBXGroup;
			children = (
				6B3C3EE22743BD1700CB5568 /* StandardAlgorithmsNew */,
				6B3C3EF02743C33F00CB5568 /* StandardAlgorithmsTest */,
				6B3C3EE12743BD1700CB5568 /* Products */,
			);
			sourceTree = "<group>";
		};
		6B3C3EE12743BD1700CB5568 /* Products */ = {
			isa = PBXGroup;
			children = (
				6B3C3EE02743BD1700CB5568 /* StandardAlgorithmsNew */,
				6B3C3EEF2743C33F00CB5568 /* StandardAlgorithmsTest.xctest */,
			);
			name = Products;
			sourceTree = "<group>";
		};
		6B3C3EE22743BD1700CB5568 /* StandardAlgorithmsNew */ = {
			isa = PBXGroup;
			children = (
				6B3C3EE32743BD1700CB5568 /* main.swift */,
				6B3C3EFD2743C50900CB5568 /* Sorting.swift */,
			);
			path = StandardAlgorithmsNew;
			sourceTree = "<group>";
		};
		6B3C3EF02743C33F00CB5568 /* StandardAlgorithmsTest */ = {
			isa = PBXGroup;
			children = (
				6B3C3EF12743C33F00CB5568 /* StandardAlgorithmsTest.swift */,
				6B3C3EF32743C33F00CB5568 /* Info.plist */,
				6B3C3EF92743C41100CB5568 /* SortingTest.swift */,
			);
			path = StandardAlgorithmsTest;
			sourceTree = "<group>";
		};
/* End PBXGroup section */

/* Begin PBXNativeTarget section */
		6B3C3EDF2743BD1700CB5568 /* StandardAlgorithmsNew */ = {
			isa = PBXNativeTarget;
			buildConfigurationList = 6B3C3EE72743BD1700CB5568 /* Build configuration list for PBXNativeTarget "StandardAlgorithmsNew" */;
			buildPhases = (
				6B3C3EDC2743BD1700CB5568 /* Sources */,
				6B3C3EDD2743BD1700CB5568 /* Frameworks */,
				6B3C3EDE2743BD1700CB5568 /* CopyFiles */,
			);
			buildRules = (
			);
			dependencies = (
			);
			name = StandardAlgorithmsNew;
			productName = StandardAlgorithmsNew;
			productReference = 6B3C3EE02743BD1700CB5568 /* StandardAlgorithmsNew */;
			productType = "com.apple.product-type.tool";
		};
		6B3C3EEE2743C33E00CB5568 /* StandardAlgorithmsTest */ = {
			isa = PBXNativeTarget;
			buildConfigurationList = 6B3C3EF42743C33F00CB5568 /* Build configuration list for PBXNativeTarget "StandardAlgorithmsTest" */;
			buildPhases = (
				6B3C3EEB2743C33E00CB5568 /* Sources */,
				6B3C3EEC2743C33E00CB5568 /* Frameworks */,
				6B3C3EED2743C33E00CB5568 /* Resources */,
			);
			buildRules = (
			);
			dependencies = (
			);
			name = StandardAlgorithmsTest;
			productName = StandardAlgorithmsTest;
			productReference = 6B3C3EEF2743C33F00CB5568 /* StandardAlgorithmsTest.xctest */;
			productType = "com.apple.product-type.bundle.unit-test";
		};
/* End PBXNativeTarget section */

/* Begin PBXProject section */
		6B3C3ED82743BD1700CB5568 /* Project object */ = {
			isa = PBXProject;
			attributes = {
				LastSwiftUpdateCheck = 1240;
				LastUpgradeCheck = 1240;
				TargetAttributes = {
					6B3C3EDF2743BD1700CB5568 = {
						CreatedOnToolsVersion = 12.4;
					};
					6B3C3EEE2743C33E00CB5568 = {
						CreatedOnToolsVersion = 12.4;
					};
				};
			};
			buildConfigurationList = 6B3C3EDB2743BD1700CB5568 /* Build configuration list for PBXProject "StandardAlgorithmsNew" */;
			compatibilityVersion = "Xcode 9.3";
			developmentRegion = en;
			hasScannedForEncodings = 0;
			knownRegions = (
				en,
				Base,
			);
			mainGroup = 6B3C3ED72743BD1700CB5568;
			productRefGroup = 6B3C3EE12743BD1700CB5568 /* Products */;
			projectDirPath = "";
			projectRoot = "";
			targets = (
				6B3C3EDF2743BD1700CB5568 /* StandardAlgorithmsNew */,
				6B3C3EEE2743C33E00CB5568 /* StandardAlgorithmsTest */,
			);
		};
/* End PBXProject section */

/* Begin PBXResourcesBuildPhase section */
		6B3C3EED2743C33E00CB5568 /* Resources */ = {
			isa = PBXResourcesBuildPhase;
			buildActionMask = 2147483647;
			files = (
			);
			runOnlyForDeploymentPostprocessing = 0;
		};
/* End PBXResourcesBuildPhase section */

/* Begin PBXSourcesBuildPhase section */
		6B3C3EDC2743BD1700CB5568 /* Sources */ = {
			isa = PBXSourcesBuildPhase;
			buildActionMask = 2147483647;
			files = (
				6B3C3EFE2743C50900CB5568 /* Sorting.swift in Sources */,
				6B3C3EE42743BD1700CB5568 /* main.swift in Sources */,
			);
			runOnlyForDeploymentPostprocessing = 0;
		};
		6B3C3EEB2743C33E00CB5568 /* Sources */ = {
			isa = PBXSourcesBuildPhase;
			buildActionMask = 2147483647;
			files = (
				6B3C3EFF2743C50900CB5568 /* Sorting.swift in Sources */,
				6B3C3EFA2743C41100CB5568 /* SortingTest.swift in Sources */,
				6B3C3EF22743C33F00CB5568 /* StandardAlgorithmsTest.swift in Sources */,
			);
			runOnlyForDeploymentPostprocessing = 0;
		};
/* End PBXSourcesBuildPhase section */

/* Begin XCBuildConfiguration section */
		6B3C3EE52743BD1700CB5568 /* Debug */ = {
			isa = XCBuildConfiguration;
			buildSettings = {
				ALWAYS_SEARCH_USER_PATHS = NO;
				CLANG_ANALYZER_NONNULL = YES;
				CLANG_ANALYZER_NUMBER_OBJECT_CONVERSION = YES_AGGRESSIVE;
				CLANG_CXX_LANGUAGE_STANDARD = "gnu++14";
				CLANG_CXX_LIBRARY = "libc++";
				CLANG_ENABLE_MODULES = YES;
				CLANG_ENABLE_OBJC_ARC = YES;
				CLANG_ENABLE_OBJC_WEAK = YES;
				CLANG_WARN_BLOCK_CAPTURE_AUTORELEASING = YES;
				CLANG_WARN_BOOL_CONVERSION = YES;
				CLANG_WARN_COMMA = YES;
				CLANG_WARN_CONSTANT_CONVERSION = YES;
				CLANG_WARN_DEPRECATED_OBJC_IMPLEMENTATIONS = YES;
				CLANG_WARN_DIRECT_OBJC_ISA_USAGE = YES_ERROR;
				CLANG_WARN_DOCUMENTATION_COMMENTS = YES;
				CLANG_WARN_EMPTY_BODY = YES;
				CLANG_WARN_ENUM_CONVERSION = YES;
				CLANG_WARN_INFINITE_RECURSION = YES;
				CLANG_WARN_INT_CONVERSION = YES;
				CLANG_WARN_NON_LITERAL_NULL_CONVERSION = YES;
				CLANG_WARN_OBJC_IMPLICIT_RETAIN_SELF = YES;
				CLANG_WARN_OBJC_LITERAL_CONVERSION = YES;
				CLANG_WARN_OBJC_ROOT_CLASS = YES_ERROR;
				CLANG_WARN_QUOTED_INCLUDE_IN_FRAMEWORK_HEADER = YES;
				CLANG_WARN_RANGE_LOOP_ANALYSIS = YES;
				CLANG_WARN_STRICT_PROTOTYPES = YES;
				CLANG_WARN_SUSPICIOUS_MOVE = YES;
				CLANG_WARN_UNGUARDED_AVAILABILITY = YES_AGGRESSIVE;
				CLANG_WARN_UNREACHABLE_CODE = YES;
				CLANG_WARN__DUPLICATE_METHOD_MATCH = YES;
				COPY_PHASE_STRIP = NO;
				DEBUG_INFORMATION_FORMAT = dwarf;
				ENABLE_STRICT_OBJC_MSGSEND = YES;
				ENABLE_TESTABILITY = YES;
				GCC_C_LANGUAGE_STANDARD = gnu11;
				GCC_DYNAMIC_NO_PIC = NO;
				GCC_NO_COMMON_BLOCKS = YES;
				GCC_OPTIMIZATION_LEVEL = 0;
				GCC_PREPROCESSOR_DEFINITIONS = (
					"DEBUG=1",
					"$(inherited)",
				);
				GCC_WARN_64_TO_32_BIT_CONVERSION = YES;
				GCC_WARN_ABOUT_RETURN_TYPE = YES_ERROR;
				GCC_WARN_UNDECLARED_SELECTOR = YES;
				GCC_WARN_UNINITIALIZED_AUTOS = YES_AGGRESSIVE;
				GCC_WARN_UNUSED_FUNCTION = YES;
				GCC_WARN_UNUSED_VARIABLE = YES;
				MACOSX_DEPLOYMENT_TARGET = 10.15;
				MTL_ENABLE_DEBUG_INFO = INCLUDE_SOURCE;
				MTL_FAST_MATH = YES;
				ONLY_ACTIVE_ARCH = YES;
				SDKROOT = macosx;
				SWIFT_ACTIVE_COMPILATION_CONDITIONS = DEBUG;
				SWIFT_OPTIMIZATION_LEVEL = "-Onone";
			};
			name = Debug;
		};
		6B3C3EE62743BD1700CB5568 /* Release */ = {
			isa = XCBuildConfiguration;
			buildSettings = {
				ALWAYS_SEARCH_USER_PATHS = NO;
				CLANG_ANALYZER_NONNULL = YES;
				CLANG_ANALYZER_NUMBER_OBJECT_CONVERSION = YES_AGGRESSIVE;
				CLANG_CXX_LANGUAGE_STANDARD = "gnu++14";
				CLANG_CXX_LIBRARY = "libc++";
				CLANG_ENABLE_MODULES = YES;
				CLANG_ENABLE_OBJC_ARC = YES;
				CLANG_ENABLE_OBJC_WEAK = YES;
				CLANG_WARN_BLOCK_CAPTURE_AUTORELEASING = YES;
				CLANG_WARN_BOOL_CONVERSION = YES;
				CLANG_WARN_COMMA = YES;
				CLANG_WARN_CONSTANT_CONVERSION = YES;
				CLANG_WARN_DEPRECATED_OBJC_IMPLEMENTATIONS = YES;
				CLANG_WARN_DIRECT_OBJC_ISA_USAGE = YES_ERROR;
				CLANG_WARN_DOCUMENTATION_COMMENTS = YES;
				CLANG_WARN_EMPTY_BODY = YES;
				CLANG_WARN_ENUM_CONVERSION = YES;
				CLANG_WARN_INFINITE_RECURSION = YES;
				CLANG_WARN_INT_CONVERSION = YES;
				CLANG_WARN_NON_LITERAL_NULL_CONVERSION = YES;
				CLANG_WARN_OBJC_IMPLICIT_RETAIN_SELF = YES;
				CLANG_WARN_OBJC_LITERAL_CONVERSION = YES;
				CLANG_WARN_OBJC_ROOT_CLASS = YES_ERROR;
				CLANG_WARN_QUOTED_INCLUDE_IN_FRAMEWORK_HEADER = YES;
				CLANG_WARN_RANGE_LOOP_ANALYSIS = YES;
				CLANG_WARN_STRICT_PROTOTYPES = YES;
				CLANG_WARN_SUSPICIOUS_MOVE = YES;
				CLANG_WARN_UNGUARDED_AVAILABILITY = YES_AGGRESSIVE;
				CLANG_WARN_UNREACHABLE_CODE = YES;
				CLANG_WARN__DUPLICATE_METHOD_MATCH = YES;
				COPY_PHASE_STRIP = NO;
				DEBUG_INFORMATION_FORMAT = "dwarf-with-dsym";
				ENABLE_NS_ASSERTIONS = NO;
				ENABLE_STRICT_OBJC_MSGSEND = YES;
				GCC_C_LANGUAGE_STANDARD = gnu11;
				GCC_NO_COMMON_BLOCKS = YES;
				GCC_WARN_64_TO_32_BIT_CONVERSION = YES;
				GCC_WARN_ABOUT_RETURN_TYPE = YES_ERROR;
				GCC_WARN_UNDECLARED_SELECTOR = YES;
				GCC_WARN_UNINITIALIZED_AUTOS = YES_AGGRESSIVE;
				GCC_WARN_UNUSED_FUNCTION = YES;
				GCC_WARN_UNUSED_VARIABLE = YES;
				MACOSX_DEPLOYMENT_TARGET = 10.15;
				MTL_ENABLE_DEBUG_INFO = NO;
				MTL_FAST_MATH = YES;
				SDKROOT = macosx;
				SWIFT_COMPILATION_MODE = wholemodule;
				SWIFT_OPTIMIZATION_LEVEL = "-O";
			};
			name = Release;
		};
		6B3C3EE82743BD1700CB5568 /* Debug */ = {
			isa = XCBuildConfiguration;
			buildSettings = {
				CODE_SIGN_STYLE = Automatic;
				PRODUCT_NAME = "$(TARGET_NAME)";
				SWIFT_VERSION = 5.0;
			};
			name = Debug;
		};
		6B3C3EE92743BD1700CB5568 /* Release */ = {
			isa = XCBuildConfiguration;
			buildSettings = {
				CODE_SIGN_STYLE = Automatic;
				PRODUCT_NAME = "$(TARGET_NAME)";
				SWIFT_VERSION = 5.0;
			};
			name = Release;
		};
		6B3C3EF52743C33F00CB5568 /* Debug */ = {
			isa = XCBuildConfiguration;
			buildSettings = {
				CODE_SIGN_STYLE = Automatic;
				COMBINE_HIDPI_IMAGES = YES;
				INFOPLIST_FILE = StandardAlgorithmsTest/Info.plist;
				LD_RUNPATH_SEARCH_PATHS = (
					"$(inherited)",
					"@executable_path/../Frameworks",
					"@loader_path/../Frameworks",
				);
				PRODUCT_BUNDLE_IDENTIFIER = com.beggA123.StandardAlgorithmsTest;
				PRODUCT_NAME = "$(TARGET_NAME)";
				SWIFT_VERSION = 5.0;
			};
			name = Debug;
		};
		6B3C3EF62743C33F00CB5568 /* Release */ = {
			isa = XCBuildConfiguration;
			buildSettings = {
				CODE_SIGN_STYLE = Automatic;
				COMBINE_HIDPI_IMAGES = YES;
				INFOPLIST_FILE = StandardAlgorithmsTest/Info.plist;
				LD_RUNPATH_SEARCH_PATHS = (
					"$(inherited)",
					"@executable_path/../Frameworks",
					"@loader_path/../Frameworks",
				);
				PRODUCT_BUNDLE_IDENTIFIER = com.beggA123.StandardAlgorithmsTest;
				PRODUCT_NAME = "$(TARGET_NAME)";
				SWIFT_VERSION = 5.0;
			};
			name = Release;
		};
/* End XCBuildConfiguration section */

/* Begin XCConfigurationList section */
		6B3C3EDB2743BD1700CB5568 /* Build configuration list for PBXProject "StandardAlgorithmsNew" */ = {
			isa = XCConfigurationList;
			buildConfigurations = (
				6B3C3EE52743BD1700CB5568 /* Debug */,
				6B3C3EE62743BD1700CB5568 /* Release */,
			);
			defaultConfigurationIsVisible = 0;
			defaultConfigurationName = Release;
		};
		6B3C3EE72743BD1700CB5568 /* Build configuration list for PBXNativeTarget "StandardAlgorithmsNew" */ = {
			isa = XCConfigurationList;
			buildConfigurations = (
				6B3C3EE82743BD1700CB5568 /* Debug */,
				6B3C3EE92743BD1700CB5568 /* Release */,
			);
			defaultConfigurationIsVisible = 0;
			defaultConfigurationName = Release;
		};
		6B3C3EF42743C33F00CB5568 /* Build configuration list for PBXNativeTarget "StandardAlgorithmsTest" */ = {
			isa = XCConfigurationList;
			buildConfigurations = (
				6B3C3EF52743C33F00CB5568 /* Debug */,
				6B3C3EF62743C33F00CB5568 /* Release */,
			);
			defaultConfigurationIsVisible = 0;
			defaultConfigurationName = Release;
		};
/* End XCConfigurationList section */
	};
	rootObject = 6B3C3ED82743BD1700CB5568 /* Project object */;
}
